// !$*UTF8*$!
{
	archiveVersion = 1;
	classes = {
	};
	objectVersion = 56;
	objects = {

/* Begin PBXBuildFile section */
		1210BA18290F763D005E91BA /* AppDelegate.swift in Sources */ = {isa = PBXBuildFile; fileRef = 1210BA17290F763D005E91BA /* AppDelegate.swift */; };
		1210BA1A290F763D005E91BA /* SceneDelegate.swift in Sources */ = {isa = PBXBuildFile; fileRef = 1210BA19290F763D005E91BA /* SceneDelegate.swift */; };
		1210BA1C290F763D005E91BA /* ViewController.swift in Sources */ = {isa = PBXBuildFile; fileRef = 1210BA1B290F763D005E91BA /* ViewController.swift */; };
		1210BA1F290F763D005E91BA /* Main.storyboard in Resources */ = {isa = PBXBuildFile; fileRef = 1210BA1D290F763D005E91BA /* Main.storyboard */; };
		1210BA21290F763E005E91BA /* Assets.xcassets in Resources */ = {isa = PBXBuildFile; fileRef = 1210BA20290F763E005E91BA /* Assets.xcassets */; };
		1210BA24290F763E005E91BA /* LaunchScreen.storyboard in Resources */ = {isa = PBXBuildFile; fileRef = 1210BA22290F763E005E91BA /* LaunchScreen.storyboard */; };
		1210BA2D290F76D3005E91BA /* RxAlamofire in Frameworks */ = {isa = PBXBuildFile; productRef = 1210BA2C290F76D3005E91BA /* RxAlamofire */; };
		1210BA30290F7756005E91BA /* Differentiator in Frameworks */ = {isa = PBXBuildFile; productRef = 1210BA2F290F7756005E91BA /* Differentiator */; };
		1210BA32290F7756005E91BA /* RxDataSources in Frameworks */ = {isa = PBXBuildFile; productRef = 1210BA31290F7756005E91BA /* RxDataSources */; };
		12ED265929120F22002C10F8 /* APIService.swift in Sources */ = {isa = PBXBuildFile; fileRef = 12ED265829120F22002C10F8 /* APIService.swift */; };
		12ED265B29121C06002C10F8 /* Endpoint.swift in Sources */ = {isa = PBXBuildFile; fileRef = 12ED265A29121C06002C10F8 /* Endpoint.swift */; };
/* End PBXBuildFile section */

/* Begin PBXFileReference section */
		1210BA14290F763D005E91BA /* SeSACWeek18.app */ = {isa = PBXFileReference; explicitFileType = wrapper.application; includeInIndex = 0; path = SeSACWeek18.app; sourceTree = BUILT_PRODUCTS_DIR; };
		1210BA17290F763D005E91BA /* AppDelegate.swift */ = {isa = PBXFileReference; lastKnownFileType = sourcecode.swift; path = AppDelegate.swift; sourceTree = "<group>"; };
		1210BA19290F763D005E91BA /* SceneDelegate.swift */ = {isa = PBXFileReference; lastKnownFileType = sourcecode.swift; path = SceneDelegate.swift; sourceTree = "<group>"; };
		1210BA1B290F763D005E91BA /* ViewController.swift */ = {isa = PBXFileReference; lastKnownFileType = sourcecode.swift; path = ViewController.swift; sourceTree = "<group>"; };
		1210BA1E290F763D005E91BA /* Base */ = {isa = PBXFileReference; lastKnownFileType = file.storyboard; name = Base; path = Base.lproj/Main.storyboard; sourceTree = "<group>"; };
		1210BA20290F763E005E91BA /* Assets.xcassets */ = {isa = PBXFileReference; lastKnownFileType = folder.assetcatalog; path = Assets.xcassets; sourceTree = "<group>"; };
		1210BA23290F763E005E91BA /* Base */ = {isa = PBXFileReference; lastKnownFileType = file.storyboard; name = Base; path = Base.lproj/LaunchScreen.storyboard; sourceTree = "<group>"; };
		1210BA25290F763E005E91BA /* Info.plist */ = {isa = PBXFileReference; lastKnownFileType = text.plist.xml; path = Info.plist; sourceTree = "<group>"; };
		12ED265829120F22002C10F8 /* APIService.swift */ = {isa = PBXFileReference; lastKnownFileType = sourcecode.swift; path = APIService.swift; sourceTree = "<group>"; };
		12ED265A29121C06002C10F8 /* Endpoint.swift */ = {isa = PBXFileReference; lastKnownFileType = sourcecode.swift; path = Endpoint.swift; sourceTree = "<group>"; };
/* End PBXFileReference section */

/* Begin PBXFrameworksBuildPhase section */
		1210BA11290F763D005E91BA /* Frameworks */ = {
			isa = PBXFrameworksBuildPhase;
			buildActionMask = 2147483647;
			files = (
				1210BA32290F7756005E91BA /* RxDataSources in Frameworks */,
				1210BA30290F7756005E91BA /* Differentiator in Frameworks */,
				1210BA2D290F76D3005E91BA /* RxAlamofire in Frameworks */,
			);
			runOnlyForDeploymentPostprocessing = 0;
		};
/* End PBXFrameworksBuildPhase section */

/* Begin PBXGroup section */
		1210BA0B290F763D005E91BA = {
			isa = PBXGroup;
			children = (
				1210BA16290F763D005E91BA /* SeSACWeek18 */,
				1210BA15290F763D005E91BA /* Products */,
			);
			sourceTree = "<group>";
		};
		1210BA15290F763D005E91BA /* Products */ = {
			isa = PBXGroup;
			children = (
				1210BA14290F763D005E91BA /* SeSACWeek18.app */,
			);
			name = Products;
			sourceTree = "<group>";
		};
		1210BA16290F763D005E91BA /* SeSACWeek18 */ = {
			isa = PBXGroup;
			children = (
				12ED265729120F0A002C10F8 /* Network */,
				1210BA17290F763D005E91BA /* AppDelegate.swift */,
				1210BA19290F763D005E91BA /* SceneDelegate.swift */,
				1210BA1B290F763D005E91BA /* ViewController.swift */,
				1210BA1D290F763D005E91BA /* Main.storyboard */,
				1210BA20290F763E005E91BA /* Assets.xcassets */,
				1210BA22290F763E005E91BA /* LaunchScreen.storyboard */,
				1210BA25290F763E005E91BA /* Info.plist */,
			);
			path = SeSACWeek18;
			sourceTree = "<group>";
		};
		12ED265729120F0A002C10F8 /* Network */ = {
			isa = PBXGroup;
			children = (
				12ED265829120F22002C10F8 /* APIService.swift */,
				12ED265A29121C06002C10F8 /* Endpoint.swift */,
			);
			path = Network;
			sourceTree = "<group>";
		};
/* End PBXGroup section */

/* Begin PBXNativeTarget section */
		1210BA13290F763D005E91BA /* SeSACWeek18 */ = {
			isa = PBXNativeTarget;
			buildConfigurationList = 1210BA28290F763E005E91BA /* Build configuration list for PBXNativeTarget "SeSACWeek18" */;
			buildPhases = (
				1210BA10290F763D005E91BA /* Sources */,
				1210BA11290F763D005E91BA /* Frameworks */,
				1210BA12290F763D005E91BA /* Resources */,
			);
			buildRules = (
			);
			dependencies = (
			);
			name = SeSACWeek18;
			packageProductDependencies = (
				1210BA2C290F76D3005E91BA /* RxAlamofire */,
				1210BA2F290F7756005E91BA /* Differentiator */,
				1210BA31290F7756005E91BA /* RxDataSources */,
			);
			productName = SeSACWeek18;
			productReference = 1210BA14290F763D005E91BA /* SeSACWeek18.app */;
			productType = "com.apple.product-type.application";
		};
/* End PBXNativeTarget section */

/* Begin PBXProject section */
		1210BA0C290F763D005E91BA /* Project object */ = {
			isa = PBXProject;
			attributes = {
				BuildIndependentTargetsInParallel = 1;
				LastSwiftUpdateCheck = 1400;
				LastUpgradeCheck = 1400;
				TargetAttributes = {
					1210BA13290F763D005E91BA = {
						CreatedOnToolsVersion = 14.0;
					};
				};
			};
			buildConfigurationList = 1210BA0F290F763D005E91BA /* Build configuration list for PBXProject "SeSACWeek18" */;
			compatibilityVersion = "Xcode 14.0";
			developmentRegion = en;
			hasScannedForEncodings = 0;
			knownRegions = (
				en,
				Base,
			);
			mainGroup = 1210BA0B290F763D005E91BA;
			packageReferences = (
				1210BA2B290F76D2005E91BA /* XCRemoteSwiftPackageReference "RxAlamofire" */,
				1210BA2E290F7756005E91BA /* XCRemoteSwiftPackageReference "RxDataSources" */,
			);
			productRefGroup = 1210BA15290F763D005E91BA /* Products */;
			projectDirPath = "";
			projectRoot = "";
			targets = (
				1210BA13290F763D005E91BA /* SeSACWeek18 */,
			);
		};
/* End PBXProject section */

/* Begin PBXResourcesBuildPhase section */
		1210BA12290F763D005E91BA /* Resources */ = {
			isa = PBXResourcesBuildPhase;
			buildActionMask = 2147483647;
			files = (
				1210BA24290F763E005E91BA /* LaunchScreen.storyboard in Resources */,
				1210BA21290F763E005E91BA /* Assets.xcassets in Resources */,
				1210BA1F290F763D005E91BA /* Main.storyboard in Resources */,
			);
			runOnlyForDeploymentPostprocessing = 0;
		};
/* End PBXResourcesBuildPhase section */

/* Begin PBXSourcesBuildPhase section */
		1210BA10290F763D005E91BA /* Sources */ = {
			isa = PBXSourcesBuildPhase;
			buildActionMask = 2147483647;
			files = (
				1210BA1C290F763D005E91BA /* ViewController.swift in Sources */,
				1210BA18290F763D005E91BA /* AppDelegate.swift in Sources */,
				12ED265929120F22002C10F8 /* APIService.swift in Sources */,
				1210BA1A290F763D005E91BA /* SceneDelegate.swift in Sources */,
				12ED265B29121C06002C10F8 /* Endpoint.swift in Sources */,
			);
			runOnlyForDeploymentPostprocessing = 0;
		};
/* End PBXSourcesBuildPhase section */

/* Begin PBXVariantGroup section */
		1210BA1D290F763D005E91BA /* Main.storyboard */ = {
			isa = PBXVariantGroup;
			children = (
				1210BA1E290F763D005E91BA /* Base */,
			);
			name = Main.storyboard;
			sourceTree = "<group>";
		};
		1210BA22290F763E005E91BA /* LaunchScreen.storyboard */ = {
			isa = PBXVariantGroup;
			children = (
				1210BA23290F763E005E91BA /* Base */,
			);
			name = LaunchScreen.storyboard;
			sourceTree = "<group>";
		};
/* End PBXVariantGroup section */

/* Begin XCBuildConfiguration section */
		1210BA26290F763E005E91BA /* Debug */ = {
			isa = XCBuildConfiguration;
			buildSettings = {
				ALWAYS_SEARCH_USER_PATHS = NO;
				CLANG_ANALYZER_NONNULL = YES;
				CLANG_ANALYZER_NUMBER_OBJECT_CONVERSION = YES_AGGRESSIVE;
				CLANG_CXX_LANGUAGE_STANDARD = "gnu++20";
				CLANG_ENABLE_MODULES = YES;
				CLANG_ENABLE_OBJC_ARC = YES;
				CLANG_ENABLE_OBJC_WEAK = YES;
				CLANG_WARN_BLOCK_CAPTURE_AUTORELEASING = YES;
				CLANG_WARN_BOOL_CONVERSION = YES;
				CLANG_WARN_COMMA = YES;
				CLANG_WARN_CONSTANT_CONVERSION = YES;
				CLANG_WARN_DEPRECATED_OBJC_IMPLEMENTATIONS = YES;
				CLANG_WARN_DIRECT_OBJC_ISA_USAGE = YES_ERROR;
				CLANG_WARN_DOCUMENTATION_COMMENTS = YES;
				CLANG_WARN_EMPTY_BODY = YES;
				CLANG_WARN_ENUM_CONVERSION = YES;
				CLANG_WARN_INFINITE_RECURSION = YES;
				CLANG_WARN_INT_CONVERSION = YES;
				CLANG_WARN_NON_LITERAL_NULL_CONVERSION = YES;
				CLANG_WARN_OBJC_IMPLICIT_RETAIN_SELF = YES;
				CLANG_WARN_OBJC_LITERAL_CONVERSION = YES;
				CLANG_WARN_OBJC_ROOT_CLASS = YES_ERROR;
				CLANG_WARN_QUOTED_INCLUDE_IN_FRAMEWORK_HEADER = YES;
				CLANG_WARN_RANGE_LOOP_ANALYSIS = YES;
				CLANG_WARN_STRICT_PROTOTYPES = YES;
				CLANG_WARN_SUSPICIOUS_MOVE = YES;
				CLANG_WARN_UNGUARDED_AVAILABILITY = YES_AGGRESSIVE;
				CLANG_WARN_UNREACHABLE_CODE = YES;
				CLANG_WARN__DUPLICATE_METHOD_MATCH = YES;
				COPY_PHASE_STRIP = NO;
				DEBUG_INFORMATION_FORMAT = dwarf;
				ENABLE_STRICT_OBJC_MSGSEND = YES;
				ENABLE_TESTABILITY = YES;
				GCC_C_LANGUAGE_STANDARD = gnu11;
				GCC_DYNAMIC_NO_PIC = NO;
				GCC_NO_COMMON_BLOCKS = YES;
				GCC_OPTIMIZATION_LEVEL = 0;
				GCC_PREPROCESSOR_DEFINITIONS = (
					"DEBUG=1",
					"$(inherited)",
				);
				GCC_WARN_64_TO_32_BIT_CONVERSION = YES;
				GCC_WARN_ABOUT_RETURN_TYPE = YES_ERROR;
				GCC_WARN_UNDECLARED_SELECTOR = YES;
				GCC_WARN_UNINITIALIZED_AUTOS = YES_AGGRESSIVE;
				GCC_WARN_UNUSED_FUNCTION = YES;
				GCC_WARN_UNUSED_VARIABLE = YES;
				IPHONEOS_DEPLOYMENT_TARGET = 16.0;
				MTL_ENABLE_DEBUG_INFO = INCLUDE_SOURCE;
				MTL_FAST_MATH = YES;
				ONLY_ACTIVE_ARCH = YES;
				SDKROOT = iphoneos;
				SWIFT_ACTIVE_COMPILATION_CONDITIONS = DEBUG;
				SWIFT_OPTIMIZATION_LEVEL = "-Onone";
			};
			name = Debug;
		};
		1210BA27290F763E005E91BA /* Release */ = {
			isa = XCBuildConfiguration;
			buildSettings = {
				ALWAYS_SEARCH_USER_PATHS = NO;
				CLANG_ANALYZER_NONNULL = YES;
				CLANG_ANALYZER_NUMBER_OBJECT_CONVERSION = YES_AGGRESSIVE;
				CLANG_CXX_LANGUAGE_STANDARD = "gnu++20";
				CLANG_ENABLE_MODULES = YES;
				CLANG_ENABLE_OBJC_ARC = YES;
				CLANG_ENABLE_OBJC_WEAK = YES;
				CLANG_WARN_BLOCK_CAPTURE_AUTORELEASING = YES;
				CLANG_WARN_BOOL_CONVERSION = YES;
				CLANG_WARN_COMMA = YES;
				CLANG_WARN_CONSTANT_CONVERSION = YES;
				CLANG_WARN_DEPRECATED_OBJC_IMPLEMENTATIONS = YES;
				CLANG_WARN_DIRECT_OBJC_ISA_USAGE = YES_ERROR;
				CLANG_WARN_DOCUMENTATION_COMMENTS = YES;
				CLANG_WARN_EMPTY_BODY = YES;
				CLANG_WARN_ENUM_CONVERSION = YES;
				CLANG_WARN_INFINITE_RECURSION = YES;
				CLANG_WARN_INT_CONVERSION = YES;
				CLANG_WARN_NON_LITERAL_NULL_CONVERSION = YES;
				CLANG_WARN_OBJC_IMPLICIT_RETAIN_SELF = YES;
				CLANG_WARN_OBJC_LITERAL_CONVERSION = YES;
				CLANG_WARN_OBJC_ROOT_CLASS = YES_ERROR;
				CLANG_WARN_QUOTED_INCLUDE_IN_FRAMEWORK_HEADER = YES;
				CLANG_WARN_RANGE_LOOP_ANALYSIS = YES;
				CLANG_WARN_STRICT_PROTOTYPES = YES;
				CLANG_WARN_SUSPICIOUS_MOVE = YES;
				CLANG_WARN_UNGUARDED_AVAILABILITY = YES_AGGRESSIVE;
				CLANG_WARN_UNREACHABLE_CODE = YES;
				CLANG_WARN__DUPLICATE_METHOD_MATCH = YES;
				COPY_PHASE_STRIP = NO;
				DEBUG_INFORMATION_FORMAT = "dwarf-with-dsym";
				ENABLE_NS_ASSERTIONS = NO;
				ENABLE_STRICT_OBJC_MSGSEND = YES;
				GCC_C_LANGUAGE_STANDARD = gnu11;
				GCC_NO_COMMON_BLOCKS = YES;
				GCC_WARN_64_TO_32_BIT_CONVERSION = YES;
				GCC_WARN_ABOUT_RETURN_TYPE = YES_ERROR;
				GCC_WARN_UNDECLARED_SELECTOR = YES;
				GCC_WARN_UNINITIALIZED_AUTOS = YES_AGGRESSIVE;
				GCC_WARN_UNUSED_FUNCTION = YES;
				GCC_WARN_UNUSED_VARIABLE = YES;
				IPHONEOS_DEPLOYMENT_TARGET = 16.0;
				MTL_ENABLE_DEBUG_INFO = NO;
				MTL_FAST_MATH = YES;
				SDKROOT = iphoneos;
				SWIFT_COMPILATION_MODE = wholemodule;
				SWIFT_OPTIMIZATION_LEVEL = "-O";
				VALIDATE_PRODUCT = YES;
			};
			name = Release;
		};
		1210BA29290F763E005E91BA /* Debug */ = {
			isa = XCBuildConfiguration;
			buildSettings = {
				ASSETCATALOG_COMPILER_APPICON_NAME = AppIcon;
				ASSETCATALOG_COMPILER_GLOBAL_ACCENT_COLOR_NAME = AccentColor;
				CODE_SIGN_STYLE = Automatic;
				CURRENT_PROJECT_VERSION = 1;
				DEVELOPMENT_TEAM = 9QNSJTHSUQ;
				GENERATE_INFOPLIST_FILE = YES;
				INFOPLIST_FILE = SeSACWeek18/Info.plist;
				INFOPLIST_KEY_UIApplicationSupportsIndirectInputEvents = YES;
				INFOPLIST_KEY_UILaunchStoryboardName = LaunchScreen;
				INFOPLIST_KEY_UIMainStoryboardFile = Main;
				INFOPLIST_KEY_UISupportedInterfaceOrientations_iPad = "UIInterfaceOrientationPortrait UIInterfaceOrientationPortraitUpsideDown UIInterfaceOrientationLandscapeLeft UIInterfaceOrientationLandscapeRight";
				INFOPLIST_KEY_UISupportedInterfaceOrientations_iPhone = "UIInterfaceOrientationPortrait UIInterfaceOrientationLandscapeLeft UIInterfaceOrientationLandscapeRight";
				LD_RUNPATH_SEARCH_PATHS = (
					"$(inherited)",
					"@executable_path/Frameworks",
				);
				MARKETING_VERSION = 1.0;
				PRODUCT_BUNDLE_IDENTIFIER = com.joongwon.SeSACWeek18;
				PRODUCT_NAME = "$(TARGET_NAME)";
				SWIFT_EMIT_LOC_STRINGS = YES;
				SWIFT_VERSION = 5.0;
				TARGETED_DEVICE_FAMILY = "1,2";
			};
			name = Debug;
		};
		1210BA2A290F763E005E91BA /* Release */ = {
			isa = XCBuildConfiguration;
			buildSettings = {
				ASSETCATALOG_COMPILER_APPICON_NAME = AppIcon;
				ASSETCATALOG_COMPILER_GLOBAL_ACCENT_COLOR_NAME = AccentColor;
				CODE_SIGN_STYLE = Automatic;
				CURRENT_PROJECT_VERSION = 1;
				DEVELOPMENT_TEAM = 9QNSJTHSUQ;
				GENERATE_INFOPLIST_FILE = YES;
				INFOPLIST_FILE = SeSACWeek18/Info.plist;
				INFOPLIST_KEY_UIApplicationSupportsIndirectInputEvents = YES;
				INFOPLIST_KEY_UILaunchStoryboardName = LaunchScreen;
				INFOPLIST_KEY_UIMainStoryboardFile = Main;
				INFOPLIST_KEY_UISupportedInterfaceOrientations_iPad = "UIInterfaceOrientationPortrait UIInterfaceOrientationPortraitUpsideDown UIInterfaceOrientationLandscapeLeft UIInterfaceOrientationLandscapeRight";
				INFOPLIST_KEY_UISupportedInterfaceOrientations_iPhone = "UIInterfaceOrientationPortrait UIInterfaceOrientationLandscapeLeft UIInterfaceOrientationLandscapeRight";
				LD_RUNPATH_SEARCH_PATHS = (
					"$(inherited)",
					"@executable_path/Frameworks",
				);
				MARKETING_VERSION = 1.0;
				PRODUCT_BUNDLE_IDENTIFIER = com.joongwon.SeSACWeek18;
				PRODUCT_NAME = "$(TARGET_NAME)";
				SWIFT_EMIT_LOC_STRINGS = YES;
				SWIFT_VERSION = 5.0;
				TARGETED_DEVICE_FAMILY = "1,2";
			};
			name = Release;
		};
/* End XCBuildConfiguration section */

/* Begin XCConfigurationList section */
		1210BA0F290F763D005E91BA /* Build configuration list for PBXProject "SeSACWeek18" */ = {
			isa = XCConfigurationList;
			buildConfigurations = (
				1210BA26290F763E005E91BA /* Debug */,
				1210BA27290F763E005E91BA /* Release */,
			);
			defaultConfigurationIsVisible = 0;
			defaultConfigurationName = Release;
		};
		1210BA28290F763E005E91BA /* Build configuration list for PBXNativeTarget "SeSACWeek18" */ = {
			isa = XCConfigurationList;
			buildConfigurations = (
				1210BA29290F763E005E91BA /* Debug */,
				1210BA2A290F763E005E91BA /* Release */,
			);
			defaultConfigurationIsVisible = 0;
			defaultConfigurationName = Release;
		};
/* End XCConfigurationList section */

/* Begin XCRemoteSwiftPackageReference section */
		1210BA2B290F76D2005E91BA /* XCRemoteSwiftPackageReference "RxAlamofire" */ = {
			isa = XCRemoteSwiftPackageReference;
			repositoryURL = "https://github.com/RxSwiftCommunity/RxAlamofire.git";
			requirement = {
				kind = exactVersion;
				version = 6.1.2;
			};
		};
		1210BA2E290F7756005E91BA /* XCRemoteSwiftPackageReference "RxDataSources" */ = {
			isa = XCRemoteSwiftPackageReference;
			repositoryURL = "https://github.com/RxSwiftCommunity/RxDataSources.git";
			requirement = {
				kind = upToNextMajorVersion;
				minimumVersion = 5.0.0;
			};
		};
/* End XCRemoteSwiftPackageReference section */

/* Begin XCSwiftPackageProductDependency section */
		1210BA2C290F76D3005E91BA /* RxAlamofire */ = {
			isa = XCSwiftPackageProductDependency;
			package = 1210BA2B290F76D2005E91BA /* XCRemoteSwiftPackageReference "RxAlamofire" */;
			productName = RxAlamofire;
		};
		1210BA2F290F7756005E91BA /* Differentiator */ = {
			isa = XCSwiftPackageProductDependency;
			package = 1210BA2E290F7756005E91BA /* XCRemoteSwiftPackageReference "RxDataSources" */;
			productName = Differentiator;
		};
		1210BA31290F7756005E91BA /* RxDataSources */ = {
			isa = XCSwiftPackageProductDependency;
			package = 1210BA2E290F7756005E91BA /* XCRemoteSwiftPackageReference "RxDataSources" */;
			productName = RxDataSources;
		};
/* End XCSwiftPackageProductDependency section */
	};
	rootObject = 1210BA0C290F763D005E91BA /* Project object */;
}
